{
  "name": "kora-plus",
  "version": "0.0.0",
  "lockfileVersion": 3,
  "requires": true,
  "packages": {
    "": {
      "name": "kora-plus",
      "version": "0.0.0",
      "workspaces": [
        "apps/web",
        "apps/admin",
        "apps/api",
        "packages/contracts",
        "packages/config",
        "packages/ui"
      ],
      "engines": {
        "node": "22.18.0",
        "npm": "10.9.3"
      }
    }
  }
}
